
Microsoft Visual Studio Solution File, Format Version 12.00
# Visual Studio Version 17
VisualStudioVersion = 17.4.33110.190
MinimumVisualStudioVersion = 10.0.40219.1
Project("{FAE04EC0-301F-11D3-BF4B-00C04F79EFBC}") = "QuestionnaireApp", "QuestionnaireApp\QuestionnaireApp.csproj", "{13A77ED5-5C50-4E35-A50B-29A138BC8811}"
EndProject
Global
	GlobalSection(SolutionConfigurationPlatforms) = preSolution
		Debug|Any CPU = Debug|Any CPU
		Release|Any CPU = Release|Any CPU
	EndGlobalSection
	GlobalSection(ProjectConfigurationPlatforms) = postSolution
		{13A77ED5-5C50-4E35-A50B-29A138BC8811}.Debug|Any CPU.ActiveCfg = Debug|Any CPU
		{13A77ED5-5C50-4E35-A50B-29A138BC8811}.Debug|Any CPU.Build.0 = Debug|Any CPU
		{13A77ED5-5C50-4E35-A50B-29A138BC8811}.Release|Any CPU.ActiveCfg = Release|Any CPU
		{13A77ED5-5C50-4E35-A50B-29A138BC8811}.Release|Any CPU.Build.0 = Release|Any CPU
	EndGlobalSection
	GlobalSection(SolutionProperties) = preSolution
		HideSolutionNode = FALSE
	EndGlobalSection
	GlobalSection(ExtensibilityGlobals) = postSolution
		SolutionGuid = {2D597453-3684-42AF-8583-F1A12AB567B6}
	EndGlobalSection
EndGlobal
